Microsoft Visual Studio Solution File, Format Version 12.00
# Visual Studio Version 17
VisualStudioVersion = 17.5.2.0
MinimumVisualStudioVersion = 10.0.40219.1
Project("{FAE04EC0-301F-11D3-BF4B-00C04F79EFBC}") = "MedicalCodingAssistant.UI", "MedicalCodingAssistant.UI\MedicalCodingAssistant.UI.csproj", "{9B85D0E7-AA4D-19CD-3E22-A1337B7959EF}"
EndProject
Global
	GlobalSection(SolutionConfigurationPlatforms) = preSolution
		Debug|Any CPU = Debug|Any CPU
		Release|Any CPU = Release|Any CPU
	EndGlobalSection
	GlobalSection(ProjectConfigurationPlatforms) = postSolution
		{9B85D0E7-AA4D-19CD-3E22-A1337B7959EF}.Debug|Any CPU.ActiveCfg = Debug|Any CPU
		{9B85D0E7-AA4D-19CD-3E22-A1337B7959EF}.Debug|Any CPU.Build.0 = Debug|Any CPU
		{9B85D0E7-AA4D-19CD-3E22-A1337B7959EF}.Release|Any CPU.ActiveCfg = Release|Any CPU
		{9B85D0E7-AA4D-19CD-3E22-A1337B7959EF}.Release|Any CPU.Build.0 = Release|Any CPU
	EndGlobalSection
	GlobalSection(SolutionProperties) = preSolution
		HideSolutionNode = FALSE
	EndGlobalSection
	GlobalSection(ExtensibilityGlobals) = postSolution
		SolutionGuid = {C00E6680-9712-43C1-B74E-C853FF6362BB}
	EndGlobalSection
EndGlobal
